
Microsoft Visual Studio Solution File, Format Version 12.00
# Visual Studio 14
VisualStudioVersion = 14.0.24720.0
MinimumVisualStudioVersion = 10.0.40219.1
Project("{2150E333-8FDC-42A3-9474-1A3956D46DE8}") = "src", "src", "{D674047F-B3D4-4981-8973-D6451C36AC66}"
EndProject
Project("{2150E333-8FDC-42A3-9474-1A3956D46DE8}") = "Solution Items", "Solution Items", "{68F17C62-92DF-4512-9C37-7BDDD446B73E}"
	ProjectSection(SolutionItems) = preProject
		global.json = global.json
	EndProjectSection
EndProject
Project("{8BB2217D-0F2D-49D1-97BC-3654ED321F3B}") = "TestMVCWebApplication", "src\TestMVCWebApplication\TestMVCWebApplication.xproj", "{E00F6909-E09A-45F0-9205-E79F1D5C397D}"
EndProject
Global
	GlobalSection(SolutionConfigurationPlatforms) = preSolution
		Debug|Any CPU = Debug|Any CPU
		Release|Any CPU = Release|Any CPU
	EndGlobalSection
	GlobalSection(ProjectConfigurationPlatforms) = postSolution
		{E00F6909-E09A-45F0-9205-E79F1D5C397D}.Debug|Any CPU.ActiveCfg = Debug|Any CPU
		{E00F6909-E09A-45F0-9205-E79F1D5C397D}.Debug|Any CPU.Build.0 = Debug|Any CPU
		{E00F6909-E09A-45F0-9205-E79F1D5C397D}.Release|Any CPU.ActiveCfg = Release|Any CPU
		{E00F6909-E09A-45F0-9205-E79F1D5C397D}.Release|Any CPU.Build.0 = Release|Any CPU
	EndGlobalSection
	GlobalSection(SolutionProperties) = preSolution
		HideSolutionNode = FALSE
	EndGlobalSection
	GlobalSection(NestedProjects) = preSolution
		{E00F6909-E09A-45F0-9205-E79F1D5C397D} = {D674047F-B3D4-4981-8973-D6451C36AC66}
	EndGlobalSection
EndGlobal
